{
  "pins" : [
    {
      "identity" : "popupview",
      "kind" : "remoteSourceControl",
      "location" : "https://github.com/exyte/PopupView.git",
      "state" : {
        "revision" : "5724e89ce2e81f79ccfc1fabaaf5c42473234aef",
        "version" : "2.6.3"
      }
    }
  ],
  "version" : 2
}
